
Microsoft Visual Studio Solution File, Format Version 9.00
# Visual Studio 2005
# SharpDevelop 2.2.1.2792
Project("{EAD1E85F-CEF5-4861-AFF8-597F2DDE70FC}") = "IEC61499", "IEC61499\IEC61499.dfbproj", "{93B71B33-A863-4254-B718-8832651988BA}"
EndProject
Project("{FAE04EC0-301F-11D3-BF4B-00C04F79EFBC}") = "HMI", "HMI\HMI.csproj", "{1A844F42-9473-4438-9566-32568F7D707B}"
EndProject
Global
	GlobalSection(SolutionConfigurationPlatforms) = preSolution
		Debug|Windows = Debug|Windows
		Release|Windows = Release|Windows
	EndGlobalSection
	GlobalSection(ProjectConfigurationPlatforms) = postSolution
		{93B71B33-A863-4254-B718-8832651988BA}.Debug|Windows.Build.0 = Debug|Windows
		{93B71B33-A863-4254-B718-8832651988BA}.Debug|Windows.ActiveCfg = Debug|Windows
		{93B71B33-A863-4254-B718-8832651988BA}.Release|Windows.Build.0 = Release|Windows
		{93B71B33-A863-4254-B718-8832651988BA}.Release|Windows.ActiveCfg = Release|Windows
		{1A844F42-9473-4438-9566-32568F7D707B}.Debug|Windows.Build.0 = Debug|Windows
		{1A844F42-9473-4438-9566-32568F7D707B}.Debug|Windows.ActiveCfg = Debug|Windows
		{1A844F42-9473-4438-9566-32568F7D707B}.Release|Windows.Build.0 = Release|Windows
		{1A844F42-9473-4438-9566-32568F7D707B}.Release|Windows.ActiveCfg = Release|Windows
	EndGlobalSection
EndGlobal
